{
  "version": "5",
  "specifiers": {
    "npm:thunder-bridge@1.4.0": "1.4.0"
  },
  "npm": {
    "@noble/ciphers@2.4.0": {
      "integrity": "sha512-AnjFn0Jv92laAkvMrghlFZq4qQCIN/4DxFV/eooqtC2YTjB7kBeLMS2T9KJX4Dn+ZVXLOwK0lSgqDtx9gvxtiw=="
    },
    "@noble/curves@2.4.0": {
      "integrity": "sha512-P4/62zrgfH33CneE3Dn4WhJVA22YUU0eR51wKIan4NVRvwsA0YnPTwWGpNbpuacSujmSFLvyzpyuR30+fbq2Ew==",
      "dependencies": [
        "@noble/hashes"
      ]
    },
    "@noble/hashes@2.4.0": {
      "integrity": "sha512-X5XaVWZIBCT7HHZGm5I7ZQXDwLG+bGXuSrMQAW+7Zvl87h1kmc1ZB1VSRJcpUfoUrGQp4Fkoxm5kZ+Ms+aW+eA=="
    },
    "thunder-bridge@1.4.0": {
      "integrity": "sha512-fLwQg8iEneLNnpTzJIHmubw29C3+t3qDd4+gNuRkUpCw6bjkctvZKyUL+wn0Cn/NQuqiU6VHkoggHbZbUjX2PA==",
      "dependencies": [
        "@noble/ciphers",
        "@noble/curves",
        "@noble/hashes",
        "uqr"
      ]
    },
    "uqr@0.1.3": {
      "integrity": "sha512-0rjE8iEJe4YmT9TOhwsZtqCMRLc5DXZUI2UEYUUg63ikBkqqE5EYWaI0etFe/5KUcmcYwLih2RND1kq+hrUJXA=="
    }
  },
  "workspace": {
    "dependencies": [
      "npm:thunder-bridge@1.4.0"
    ]
  }
}
